
Microsoft Visual Studio Solution File, Format Version 12.00
# Visual Studio Version 17
VisualStudioVersion = 17.2.32526.322
MinimumVisualStudioVersion = 10.0.40219.1
Project("{FAE04EC0-301F-11D3-BF4B-00C04F79EFBC}") = "ManejoPresupuestos", "ManejoPresupuestos\ManejoPresupuestos.csproj", "{43D98A48-3371-4B6A-92D3-D822F1553EF3}"
EndProject
Global
	GlobalSection(SolutionConfigurationPlatforms) = preSolution
		Debug|Any CPU = Debug|Any CPU
		Release|Any CPU = Release|Any CPU
	EndGlobalSection
	GlobalSection(ProjectConfigurationPlatforms) = postSolution
		{43D98A48-3371-4B6A-92D3-D822F1553EF3}.Debug|Any CPU.ActiveCfg = Debug|Any CPU
		{43D98A48-3371-4B6A-92D3-D822F1553EF3}.Debug|Any CPU.Build.0 = Debug|Any CPU
		{43D98A48-3371-4B6A-92D3-D822F1553EF3}.Release|Any CPU.ActiveCfg = Release|Any CPU
		{43D98A48-3371-4B6A-92D3-D822F1553EF3}.Release|Any CPU.Build.0 = Release|Any CPU
	EndGlobalSection
	GlobalSection(SolutionProperties) = preSolution
		HideSolutionNode = FALSE
	EndGlobalSection
	GlobalSection(ExtensibilityGlobals) = postSolution
		SolutionGuid = {40D18728-C34C-4F15-8150-9B01E9FC8788}
	EndGlobalSection
EndGlobal
